// !$*UTF8*$!
{
	archiveVersion = 1;
	classes = {
	};
	objectVersion = 55;
	objects = {

/* Begin PBXBuildFile section */
		5BDDDE0428D9339100A18943 /* AppDelegate.swift in Sources */ = {isa = PBXBuildFile; fileRef = 5BDDDE0328D9339100A18943 /* AppDelegate.swift */; };
		5BDDDE0628D9339100A18943 /* SceneDelegate.swift in Sources */ = {isa = PBXBuildFile; fileRef = 5BDDDE0528D9339100A18943 /* SceneDelegate.swift */; };
		5BDDDE0828D9339100A18943 /* ViewController.swift in Sources */ = {isa = PBXBuildFile; fileRef = 5BDDDE0728D9339100A18943 /* ViewController.swift */; };
		5BDDDE0B28D9339100A18943 /* Main.storyboard in Resources */ = {isa = PBXBuildFile; fileRef = 5BDDDE0928D9339100A18943 /* Main.storyboard */; };
		5BDDDE0D28D9339200A18943 /* Assets.xcassets in Resources */ = {isa = PBXBuildFile; fileRef = 5BDDDE0C28D9339200A18943 /* Assets.xcassets */; };
		5BDDDE1028D9339200A18943 /* LaunchScreen.storyboard in Resources */ = {isa = PBXBuildFile; fileRef = 5BDDDE0E28D9339200A18943 /* LaunchScreen.storyboard */; };
		5BDDDE1828D933A400A18943 /* index.html in Resources */ = {isa = PBXBuildFile; fileRef = 5BDDDE1728D933A400A18943 /* index.html */; };
		5BDDDE1B28D9341C00A18943 /* WebKit.framework in Frameworks */ = {isa = PBXBuildFile; fileRef = 5BDDDE1A28D9341C00A18943 /* WebKit.framework */; };
		5BEC8D5828EB91BE006EB568 /* PopupVC.swift in Sources */ = {isa = PBXBuildFile; fileRef = 5BEC8D5728EB91BE006EB568 /* PopupVC.swift */; };
/* End PBXBuildFile section */

/* Begin PBXFileReference section */
		5BDDDE0028D9339100A18943 /* ClientRefApp.app */ = {isa = PBXFileReference; explicitFileType = wrapper.application; includeInIndex = 0; path = ClientRefApp.app; sourceTree = BUILT_PRODUCTS_DIR; };
		5BDDDE0328D9339100A18943 /* AppDelegate.swift */ = {isa = PBXFileReference; lastKnownFileType = sourcecode.swift; path = AppDelegate.swift; sourceTree = "<group>"; };
		5BDDDE0528D9339100A18943 /* SceneDelegate.swift */ = {isa = PBXFileReference; lastKnownFileType = sourcecode.swift; path = SceneDelegate.swift; sourceTree = "<group>"; };
		5BDDDE0728D9339100A18943 /* ViewController.swift */ = {isa = PBXFileReference; lastKnownFileType = sourcecode.swift; path = ViewController.swift; sourceTree = "<group>"; };
		5BDDDE0A28D9339100A18943 /* Base */ = {isa = PBXFileReference; lastKnownFileType = file.storyboard; name = Base; path = Base.lproj/Main.storyboard; sourceTree = "<group>"; };
		5BDDDE0C28D9339200A18943 /* Assets.xcassets */ = {isa = PBXFileReference; lastKnownFileType = folder.assetcatalog; path = Assets.xcassets; sourceTree = "<group>"; };
		5BDDDE0F28D9339200A18943 /* Base */ = {isa = PBXFileReference; lastKnownFileType = file.storyboard; name = Base; path = Base.lproj/LaunchScreen.storyboard; sourceTree = "<group>"; };
		5BDDDE1128D9339200A18943 /* Info.plist */ = {isa = PBXFileReference; lastKnownFileType = text.plist.xml; path = Info.plist; sourceTree = "<group>"; };
		5BDDDE1728D933A400A18943 /* index.html */ = {isa = PBXFileReference; fileEncoding = 4; lastKnownFileType = text.html; path = index.html; sourceTree = "<group>"; };
		5BDDDE1A28D9341C00A18943 /* WebKit.framework */ = {isa = PBXFileReference; lastKnownFileType = wrapper.framework; name = WebKit.framework; path = System/Library/Frameworks/WebKit.framework; sourceTree = SDKROOT; };
		5BEC8D5728EB91BE006EB568 /* PopupVC.swift */ = {isa = PBXFileReference; lastKnownFileType = sourcecode.swift; path = PopupVC.swift; sourceTree = "<group>"; };
/* End PBXFileReference section */

/* Begin PBXFrameworksBuildPhase section */
		5BDDDDFD28D9339100A18943 /* Frameworks */ = {
			isa = PBXFrameworksBuildPhase;
			buildActionMask = 2147483647;
			files = (
				5BDDDE1B28D9341C00A18943 /* WebKit.framework in Frameworks */,
			);
			runOnlyForDeploymentPostprocessing = 0;
		};
/* End PBXFrameworksBuildPhase section */

/* Begin PBXGroup section */
		5BDDDDF728D9339100A18943 = {
			isa = PBXGroup;
			children = (
				5BDDDE0228D9339100A18943 /* ClientRefApp */,
				5BDDDE0128D9339100A18943 /* Products */,
				5BDDDE1928D9341C00A18943 /* Frameworks */,
			);
			sourceTree = "<group>";
		};
		5BDDDE0128D9339100A18943 /* Products */ = {
			isa = PBXGroup;
			children = (
				5BDDDE0028D9339100A18943 /* ClientRefApp.app */,
			);
			name = Products;
			sourceTree = "<group>";
		};
		5BDDDE0228D9339100A18943 /* ClientRefApp */ = {
			isa = PBXGroup;
			children = (
				5BDDDE0328D9339100A18943 /* AppDelegate.swift */,
				5BDDDE0528D9339100A18943 /* SceneDelegate.swift */,
				5BDDDE1728D933A400A18943 /* index.html */,
				5BDDDE0728D9339100A18943 /* ViewController.swift */,
				5BDDDE0928D9339100A18943 /* Main.storyboard */,
				5BEC8D5728EB91BE006EB568 /* PopupVC.swift */,
				5BDDDE0C28D9339200A18943 /* Assets.xcassets */,
				5BDDDE0E28D9339200A18943 /* LaunchScreen.storyboard */,
				5BDDDE1128D9339200A18943 /* Info.plist */,
			);
			path = ClientRefApp;
			sourceTree = "<group>";
		};
		5BDDDE1928D9341C00A18943 /* Frameworks */ = {
			isa = PBXGroup;
			children = (
				5BDDDE1A28D9341C00A18943 /* WebKit.framework */,
			);
			name = Frameworks;
			sourceTree = "<group>";
		};
/* End PBXGroup section */

/* Begin PBXNativeTarget section */
		5BDDDDFF28D9339100A18943 /* ClientRefApp */ = {
			isa = PBXNativeTarget;
			buildConfigurationList = 5BDDDE1428D9339200A18943 /* Build configuration list for PBXNativeTarget "ClientRefApp" */;
			buildPhases = (
				5BDDDDFC28D9339100A18943 /* Sources */,
				5BDDDDFD28D9339100A18943 /* Frameworks */,
				5BDDDDFE28D9339100A18943 /* Resources */,
			);
			buildRules = (
			);
			dependencies = (
			);
			name = ClientRefApp;
			productName = ClientRefApp;
			productReference = 5BDDDE0028D9339100A18943 /* ClientRefApp.app */;
			productType = "com.apple.product-type.application";
		};
/* End PBXNativeTarget section */

/* Begin PBXProject section */
		5BDDDDF828D9339100A18943 /* Project object */ = {
			isa = PBXProject;
			attributes = {
				BuildIndependentTargetsInParallel = 1;
				LastSwiftUpdateCheck = 1340;
				LastUpgradeCheck = 1340;
				TargetAttributes = {
					5BDDDDFF28D9339100A18943 = {
						CreatedOnToolsVersion = 13.4.1;
					};
				};
			};
			buildConfigurationList = 5BDDDDFB28D9339100A18943 /* Build configuration list for PBXProject "ClientRefApp" */;
			compatibilityVersion = "Xcode 13.0";
			developmentRegion = en;
			hasScannedForEncodings = 0;
			knownRegions = (
				en,
				Base,
			);
			mainGroup = 5BDDDDF728D9339100A18943;
			productRefGroup = 5BDDDE0128D9339100A18943 /* Products */;
			projectDirPath = "";
			projectRoot = "";
			targets = (
				5BDDDDFF28D9339100A18943 /* ClientRefApp */,
			);
		};
/* End PBXProject section */

/* Begin PBXResourcesBuildPhase section */
		5BDDDDFE28D9339100A18943 /* Resources */ = {
			isa = PBXResourcesBuildPhase;
			buildActionMask = 2147483647;
			files = (
				5BDDDE1028D9339200A18943 /* LaunchScreen.storyboard in Resources */,
				5BDDDE1828D933A400A18943 /* index.html in Resources */,
				5BDDDE0D28D9339200A18943 /* Assets.xcassets in Resources */,
				5BDDDE0B28D9339100A18943 /* Main.storyboard in Resources */,
			);
			runOnlyForDeploymentPostprocessing = 0;
		};
/* End PBXResourcesBuildPhase section */

/* Begin PBXSourcesBuildPhase section */
		5BDDDDFC28D9339100A18943 /* Sources */ = {
			isa = PBXSourcesBuildPhase;
			buildActionMask = 2147483647;
			files = (
				5BDDDE0828D9339100A18943 /* ViewController.swift in Sources */,
				5BEC8D5828EB91BE006EB568 /* PopupVC.swift in Sources */,
				5BDDDE0428D9339100A18943 /* AppDelegate.swift in Sources */,
				5BDDDE0628D9339100A18943 /* SceneDelegate.swift in Sources */,
			);
			runOnlyForDeploymentPostprocessing = 0;
		};
/* End PBXSourcesBuildPhase section */

/* Begin PBXVariantGroup section */
		5BDDDE0928D9339100A18943 /* Main.storyboard */ = {
			isa = PBXVariantGroup;
			children = (
				5BDDDE0A28D9339100A18943 /* Base */,
			);
			name = Main.storyboard;
			sourceTree = "<group>";
		};
		5BDDDE0E28D9339200A18943 /* LaunchScreen.storyboard */ = {
			isa = PBXVariantGroup;
			children = (
				5BDDDE0F28D9339200A18943 /* Base */,
			);
			name = LaunchScreen.storyboard;
			sourceTree = "<group>";
		};
/* End PBXVariantGroup section */

/* Begin XCBuildConfiguration section */
		5BDDDE1228D9339200A18943 /* Debug */ = {
			isa = XCBuildConfiguration;
			buildSettings = {
				ALWAYS_SEARCH_USER_PATHS = NO;
				CLANG_ANALYZER_NONNULL = YES;
				CLANG_ANALYZER_NUMBER_OBJECT_CONVERSION = YES_AGGRESSIVE;
				CLANG_CXX_LANGUAGE_STANDARD = "gnu++17";
				CLANG_ENABLE_MODULES = YES;
				CLANG_ENABLE_OBJC_ARC = YES;
				CLANG_ENABLE_OBJC_WEAK = YES;
				CLANG_WARN_BLOCK_CAPTURE_AUTORELEASING = YES;
				CLANG_WARN_BOOL_CONVERSION = YES;
				CLANG_WARN_COMMA = YES;
				CLANG_WARN_CONSTANT_CONVERSION = YES;
				CLANG_WARN_DEPRECATED_OBJC_IMPLEMENTATIONS = YES;
				CLANG_WARN_DIRECT_OBJC_ISA_USAGE = YES_ERROR;
				CLANG_WARN_DOCUMENTATION_COMMENTS = YES;
				CLANG_WARN_EMPTY_BODY = YES;
				CLANG_WARN_ENUM_CONVERSION = YES;
				CLANG_WARN_INFINITE_RECURSION = YES;
				CLANG_WARN_INT_CONVERSION = YES;
				CLANG_WARN_NON_LITERAL_NULL_CONVERSION = YES;
				CLANG_WARN_OBJC_IMPLICIT_RETAIN_SELF = YES;
				CLANG_WARN_OBJC_LITERAL_CONVERSION = YES;
				CLANG_WARN_OBJC_ROOT_CLASS = YES_ERROR;
				CLANG_WARN_QUOTED_INCLUDE_IN_FRAMEWORK_HEADER = YES;
				CLANG_WARN_RANGE_LOOP_ANALYSIS = YES;
				CLANG_WARN_STRICT_PROTOTYPES = YES;
				CLANG_WARN_SUSPICIOUS_MOVE = YES;
				CLANG_WARN_UNGUARDED_AVAILABILITY = YES_AGGRESSIVE;
				CLANG_WARN_UNREACHABLE_CODE = YES;
				CLANG_WARN__DUPLICATE_METHOD_MATCH = YES;
				COPY_PHASE_STRIP = NO;
				DEBUG_INFORMATION_FORMAT = dwarf;
				ENABLE_STRICT_OBJC_MSGSEND = YES;
				ENABLE_TESTABILITY = YES;
				GCC_C_LANGUAGE_STANDARD = gnu11;
				GCC_DYNAMIC_NO_PIC = NO;
				GCC_NO_COMMON_BLOCKS = YES;
				GCC_OPTIMIZATION_LEVEL = 0;
				GCC_PREPROCESSOR_DEFINITIONS = (
					"DEBUG=1",
					"$(inherited)",
				);
				GCC_WARN_64_TO_32_BIT_CONVERSION = YES;
				GCC_WARN_ABOUT_RETURN_TYPE = YES_ERROR;
				GCC_WARN_UNDECLARED_SELECTOR = YES;
				GCC_WARN_UNINITIALIZED_AUTOS = YES_AGGRESSIVE;
				GCC_WARN_UNUSED_FUNCTION = YES;
				GCC_WARN_UNUSED_VARIABLE = YES;
				IPHONEOS_DEPLOYMENT_TARGET = 15.0;
				MTL_ENABLE_DEBUG_INFO = INCLUDE_SOURCE;
				MTL_FAST_MATH = YES;
				ONLY_ACTIVE_ARCH = YES;
				SDKROOT = iphoneos;
				SWIFT_ACTIVE_COMPILATION_CONDITIONS = DEBUG;
				SWIFT_OPTIMIZATION_LEVEL = "-Onone";
			};
			name = Debug;
		};
		5BDDDE1328D9339200A18943 /* Release */ = {
			isa = XCBuildConfiguration;
			buildSettings = {
				ALWAYS_SEARCH_USER_PATHS = NO;
				CLANG_ANALYZER_NONNULL = YES;
				CLANG_ANALYZER_NUMBER_OBJECT_CONVERSION = YES_AGGRESSIVE;
				CLANG_CXX_LANGUAGE_STANDARD = "gnu++17";
				CLANG_ENABLE_MODULES = YES;
				CLANG_ENABLE_OBJC_ARC = YES;
				CLANG_ENABLE_OBJC_WEAK = YES;
				CLANG_WARN_BLOCK_CAPTURE_AUTORELEASING = YES;
				CLANG_WARN_BOOL_CONVERSION = YES;
				CLANG_WARN_COMMA = YES;
				CLANG_WARN_CONSTANT_CONVERSION = YES;
				CLANG_WARN_DEPRECATED_OBJC_IMPLEMENTATIONS = YES;
				CLANG_WARN_DIRECT_OBJC_ISA_USAGE = YES_ERROR;
				CLANG_WARN_DOCUMENTATION_COMMENTS = YES;
				CLANG_WARN_EMPTY_BODY = YES;
				CLANG_WARN_ENUM_CONVERSION = YES;
				CLANG_WARN_INFINITE_RECURSION = YES;
				CLANG_WARN_INT_CONVERSION = YES;
				CLANG_WARN_NON_LITERAL_NULL_CONVERSION = YES;
				CLANG_WARN_OBJC_IMPLICIT_RETAIN_SELF = YES;
				CLANG_WARN_OBJC_LITERAL_CONVERSION = YES;
				CLANG_WARN_OBJC_ROOT_CLASS = YES_ERROR;
				CLANG_WARN_QUOTED_INCLUDE_IN_FRAMEWORK_HEADER = YES;
				CLANG_WARN_RANGE_LOOP_ANALYSIS = YES;
				CLANG_WARN_STRICT_PROTOTYPES = YES;
				CLANG_WARN_SUSPICIOUS_MOVE = YES;
				CLANG_WARN_UNGUARDED_AVAILABILITY = YES_AGGRESSIVE;
				CLANG_WARN_UNREACHABLE_CODE = YES;
				CLANG_WARN__DUPLICATE_METHOD_MATCH = YES;
				COPY_PHASE_STRIP = NO;
				DEBUG_INFORMATION_FORMAT = "dwarf-with-dsym";
				ENABLE_NS_ASSERTIONS = NO;
				ENABLE_STRICT_OBJC_MSGSEND = YES;
				GCC_C_LANGUAGE_STANDARD = gnu11;
				GCC_NO_COMMON_BLOCKS = YES;
				GCC_WARN_64_TO_32_BIT_CONVERSION = YES;
				GCC_WARN_ABOUT_RETURN_TYPE = YES_ERROR;
				GCC_WARN_UNDECLARED_SELECTOR = YES;
				GCC_WARN_UNINITIALIZED_AUTOS = YES_AGGRESSIVE;
				GCC_WARN_UNUSED_FUNCTION = YES;
				GCC_WARN_UNUSED_VARIABLE = YES;
				IPHONEOS_DEPLOYMENT_TARGET = 15.0;
				MTL_ENABLE_DEBUG_INFO = NO;
				MTL_FAST_MATH = YES;
				SDKROOT = iphoneos;
				SWIFT_COMPILATION_MODE = wholemodule;
				SWIFT_OPTIMIZATION_LEVEL = "-O";
				VALIDATE_PRODUCT = YES;
			};
			name = Release;
		};
		5BDDDE1528D9339200A18943 /* Debug */ = {
			isa = XCBuildConfiguration;
			buildSettings = {
				ASSETCATALOG_COMPILER_APPICON_NAME = AppIcon;
				ASSETCATALOG_COMPILER_GLOBAL_ACCENT_COLOR_NAME = AccentColor;
				CODE_SIGN_STYLE = Automatic;
				CURRENT_PROJECT_VERSION = 1;
				DEVELOPMENT_TEAM = 746G57X93G;
				GENERATE_INFOPLIST_FILE = YES;
				INFOPLIST_FILE = ClientRefApp/Info.plist;
				INFOPLIST_KEY_CFBundleDisplayName = "";
				INFOPLIST_KEY_LSApplicationCategoryType = "";
				INFOPLIST_KEY_UIApplicationSupportsIndirectInputEvents = YES;
				INFOPLIST_KEY_UILaunchStoryboardName = LaunchScreen;
				INFOPLIST_KEY_UIMainStoryboardFile = Main;
				INFOPLIST_KEY_UISupportedInterfaceOrientations_iPad = "UIInterfaceOrientationPortrait UIInterfaceOrientationPortraitUpsideDown UIInterfaceOrientationLandscapeLeft UIInterfaceOrientationLandscapeRight";
				INFOPLIST_KEY_UISupportedInterfaceOrientations_iPhone = "UIInterfaceOrientationPortrait UIInterfaceOrientationLandscapeLeft UIInterfaceOrientationLandscapeRight";
				IPHONEOS_DEPLOYMENT_TARGET = 13.0;
				LD_RUNPATH_SEARCH_PATHS = (
					"$(inherited)",
					"@executable_path/Frameworks",
				);
				MARKETING_VERSION = 1.0;
				PRODUCT_BUNDLE_IDENTIFIER = com.clientJSRef.app;
				PRODUCT_NAME = "$(TARGET_NAME)";
				SWIFT_EMIT_LOC_STRINGS = YES;
				SWIFT_VERSION = 5.0;
				TARGETED_DEVICE_FAMILY = 1;
			};
			name = Debug;
		};
		5BDDDE1628D9339200A18943 /* Release */ = {
			isa = XCBuildConfiguration;
			buildSettings = {
				ASSETCATALOG_COMPILER_APPICON_NAME = AppIcon;
				ASSETCATALOG_COMPILER_GLOBAL_ACCENT_COLOR_NAME = AccentColor;
				CODE_SIGN_STYLE = Automatic;
				CURRENT_PROJECT_VERSION = 1;
				DEVELOPMENT_TEAM = 746G57X93G;
				GENERATE_INFOPLIST_FILE = YES;
				INFOPLIST_FILE = ClientRefApp/Info.plist;
				INFOPLIST_KEY_CFBundleDisplayName = "";
				INFOPLIST_KEY_LSApplicationCategoryType = "";
				INFOPLIST_KEY_UIApplicationSupportsIndirectInputEvents = YES;
				INFOPLIST_KEY_UILaunchStoryboardName = LaunchScreen;
				INFOPLIST_KEY_UIMainStoryboardFile = Main;
				INFOPLIST_KEY_UISupportedInterfaceOrientations_iPad = "UIInterfaceOrientationPortrait UIInterfaceOrientationPortraitUpsideDown UIInterfaceOrientationLandscapeLeft UIInterfaceOrientationLandscapeRight";
				INFOPLIST_KEY_UISupportedInterfaceOrientations_iPhone = "UIInterfaceOrientationPortrait UIInterfaceOrientationLandscapeLeft UIInterfaceOrientationLandscapeRight";
				IPHONEOS_DEPLOYMENT_TARGET = 13.0;
				LD_RUNPATH_SEARCH_PATHS = (
					"$(inherited)",
					"@executable_path/Frameworks",
				);
				MARKETING_VERSION = 1.0;
				PRODUCT_BUNDLE_IDENTIFIER = com.clientJSRef.app;
				PRODUCT_NAME = "$(TARGET_NAME)";
				SWIFT_EMIT_LOC_STRINGS = YES;
				SWIFT_VERSION = 5.0;
				TARGETED_DEVICE_FAMILY = 1;
			};
			name = Release;
		};
/* End XCBuildConfiguration section */

/* Begin XCConfigurationList section */
		5BDDDDFB28D9339100A18943 /* Build configuration list for PBXProject "ClientRefApp" */ = {
			isa = XCConfigurationList;
			buildConfigurations = (
				5BDDDE1228D9339200A18943 /* Debug */,
				5BDDDE1328D9339200A18943 /* Release */,
			);
			defaultConfigurationIsVisible = 0;
			defaultConfigurationName = Release;
		};
		5BDDDE1428D9339200A18943 /* Build configuration list for PBXNativeTarget "ClientRefApp" */ = {
			isa = XCConfigurationList;
			buildConfigurations = (
				5BDDDE1528D9339200A18943 /* Debug */,
				5BDDDE1628D9339200A18943 /* Release */,
			);
			defaultConfigurationIsVisible = 0;
			defaultConfigurationName = Release;
		};
/* End XCConfigurationList section */
	};
	rootObject = 5BDDDDF828D9339100A18943 /* Project object */;
}
